// !$*UTF8*$!
{
	archiveVersion = 1;
	classes = {
	};
	objectVersion = 77;
	objects = {

/* Begin PBXContainerItemProxy section */
		8A0AF0BB2D0B6AA300FD0FEE /* PBXContainerItemProxy */ = {
			isa = PBXContainerItemProxy;
			containerPortal = 8A0AF0A22D0B6AA100FD0FEE /* Project object */;
			proxyType = 1;
			remoteGlobalIDString = 8A0AF0A92D0B6AA100FD0FEE;
			remoteInfo = EightDays;
		};
		8A0AF0C52D0B6AA300FD0FEE /* PBXContainerItemProxy */ = {
			isa = PBXContainerItemProxy;
			containerPortal = 8A0AF0A22D0B6AA100FD0FEE /* Project object */;
			proxyType = 1;
			remoteGlobalIDString = 8A0AF0A92D0B6AA100FD0FEE;
			remoteInfo = EightDays;
		};
/* End PBXContainerItemProxy section */

/* Begin PBXFileReference section */
		8A0AF0AA2D0B6AA100FD0FEE /* EightDays.app */ = {isa = PBXFileReference; explicitFileType = wrapper.application; includeInIndex = 0; path = EightDays.app; sourceTree = BUILT_PRODUCTS_DIR; };
		8A0AF0BA2D0B6AA300FD0FEE /* EightDaysTests.xctest */ = {isa = PBXFileReference; explicitFileType = wrapper.cfbundle; includeInIndex = 0; path = EightDaysTests.xctest; sourceTree = BUILT_PRODUCTS_DIR; };
		8A0AF0C42D0B6AA300FD0FEE /* EightDaysUITests.xctest */ = {isa = PBXFileReference; explicitFileType = wrapper.cfbundle; includeInIndex = 0; path = EightDaysUITests.xctest; sourceTree = BUILT_PRODUCTS_DIR; };
/* End PBXFileReference section */

/* Begin PBXFileSystemSynchronizedRootGroup section */
		8A0AF0AC2D0B6AA100FD0FEE /* EightDays */ = {
			isa = PBXFileSystemSynchronizedRootGroup;
			path = EightDays;
			sourceTree = "<group>";
		};
		8A0AF0BD2D0B6AA300FD0FEE /* EightDaysTests */ = {
			isa = PBXFileSystemSynchronizedRootGroup;
			path = EightDaysTests;
			sourceTree = "<group>";
		};
		8A0AF0C72D0B6AA300FD0FEE /* EightDaysUITests */ = {
			isa = PBXFileSystemSynchronizedRootGroup;
			path = EightDaysUITests;
			sourceTree = "<group>";
		};
/* End PBXFileSystemSynchronizedRootGroup section */

/* Begin PBXFrameworksBuildPhase section */
		8A0AF0A72D0B6AA100FD0FEE /* Frameworks */ = {
			isa = PBXFrameworksBuildPhase;
			buildActionMask = 2147483647;
			files = (
			);
			runOnlyForDeploymentPostprocessing = 0;
		};
		8A0AF0B72D0B6AA300FD0FEE /* Frameworks */ = {
			isa = PBXFrameworksBuildPhase;
			buildActionMask = 2147483647;
			files = (
			);
			runOnlyForDeploymentPostprocessing = 0;
		};
		8A0AF0C12D0B6AA300FD0FEE /* Frameworks */ = {
			isa = PBXFrameworksBuildPhase;
			buildActionMask = 2147483647;
			files = (
			);
			runOnlyForDeploymentPostprocessing = 0;
		};
/* End PBXFrameworksBuildPhase section */

/* Begin PBXGroup section */
		8A0AF0A12D0B6AA100FD0FEE = {
			isa = PBXGroup;
			children = (
				8A0AF0AC2D0B6AA100FD0FEE /* EightDays */,
				8A0AF0BD2D0B6AA300FD0FEE /* EightDaysTests */,
				8A0AF0C72D0B6AA300FD0FEE /* EightDaysUITests */,
				8A0AF0AB2D0B6AA100FD0FEE /* Products */,
			);
			sourceTree = "<group>";
		};
		8A0AF0AB2D0B6AA100FD0FEE /* Products */ = {
			isa = PBXGroup;
			children = (
				8A0AF0AA2D0B6AA100FD0FEE /* EightDays.app */,
				8A0AF0BA2D0B6AA300FD0FEE /* EightDaysTests.xctest */,
				8A0AF0C42D0B6AA300FD0FEE /* EightDaysUITests.xctest */,
			);
			name = Products;
			sourceTree = "<group>";
		};
/* End PBXGroup section */

/* Begin PBXNativeTarget section */
		8A0AF0A92D0B6AA100FD0FEE /* EightDays */ = {
			isa = PBXNativeTarget;
			buildConfigurationList = 8A0AF0CE2D0B6AA300FD0FEE /* Build configuration list for PBXNativeTarget "EightDays" */;
			buildPhases = (
				8A0AF0A62D0B6AA100FD0FEE /* Sources */,
				8A0AF0A72D0B6AA100FD0FEE /* Frameworks */,
				8A0AF0A82D0B6AA100FD0FEE /* Resources */,
			);
			buildRules = (
			);
			dependencies = (
			);
			fileSystemSynchronizedGroups = (
				8A0AF0AC2D0B6AA100FD0FEE /* EightDays */,
			);
			name = EightDays;
			packageProductDependencies = (
			);
			productName = EightDays;
			productReference = 8A0AF0AA2D0B6AA100FD0FEE /* EightDays.app */;
			productType = "com.apple.product-type.application";
		};
		8A0AF0B92D0B6AA300FD0FEE /* EightDaysTests */ = {
			isa = PBXNativeTarget;
			buildConfigurationList = 8A0AF0D12D0B6AA300FD0FEE /* Build configuration list for PBXNativeTarget "EightDaysTests" */;
			buildPhases = (
				8A0AF0B62D0B6AA300FD0FEE /* Sources */,
				8A0AF0B72D0B6AA300FD0FEE /* Frameworks */,
				8A0AF0B82D0B6AA300FD0FEE /* Resources */,
			);
			buildRules = (
			);
			dependencies = (
				8A0AF0BC2D0B6AA300FD0FEE /* PBXTargetDependency */,
			);
			fileSystemSynchronizedGroups = (
				8A0AF0BD2D0B6AA300FD0FEE /* EightDaysTests */,
			);
			name = EightDaysTests;
			packageProductDependencies = (
			);
			productName = EightDaysTests;
			productReference = 8A0AF0BA2D0B6AA300FD0FEE /* EightDaysTests.xctest */;
			productType = "com.apple.product-type.bundle.unit-test";
		};
		8A0AF0C32D0B6AA300FD0FEE /* EightDaysUITests */ = {
			isa = PBXNativeTarget;
			buildConfigurationList = 8A0AF0D42D0B6AA300FD0FEE /* Build configuration list for PBXNativeTarget "EightDaysUITests" */;
			buildPhases = (
				8A0AF0C02D0B6AA300FD0FEE /* Sources */,
				8A0AF0C12D0B6AA300FD0FEE /* Frameworks */,
				8A0AF0C22D0B6AA300FD0FEE /* Resources */,
			);
			buildRules = (
			);
			dependencies = (
				8A0AF0C62D0B6AA300FD0FEE /* PBXTargetDependency */,
			);
			fileSystemSynchronizedGroups = (
				8A0AF0C72D0B6AA300FD0FEE /* EightDaysUITests */,
			);
			name = EightDaysUITests;
			packageProductDependencies = (
			);
			productName = EightDaysUITests;
			productReference = 8A0AF0C42D0B6AA300FD0FEE /* EightDaysUITests.xctest */;
			productType = "com.apple.product-type.bundle.ui-testing";
		};
/* End PBXNativeTarget section */

/* Begin PBXProject section */
		8A0AF0A22D0B6AA100FD0FEE /* Project object */ = {
			isa = PBXProject;
			attributes = {
				BuildIndependentTargetsInParallel = 1;
				LastSwiftUpdateCheck = 1610;
				LastUpgradeCheck = 1610;
				TargetAttributes = {
					8A0AF0A92D0B6AA100FD0FEE = {
						CreatedOnToolsVersion = 16.1;
					};
					8A0AF0B92D0B6AA300FD0FEE = {
						CreatedOnToolsVersion = 16.1;
						TestTargetID = 8A0AF0A92D0B6AA100FD0FEE;
					};
					8A0AF0C32D0B6AA300FD0FEE = {
						CreatedOnToolsVersion = 16.1;
						TestTargetID = 8A0AF0A92D0B6AA100FD0FEE;
					};
				};
			};
			buildConfigurationList = 8A0AF0A52D0B6AA100FD0FEE /* Build configuration list for PBXProject "EightDays" */;
			developmentRegion = en;
			hasScannedForEncodings = 0;
			knownRegions = (
				en,
				Base,
			);
			mainGroup = 8A0AF0A12D0B6AA100FD0FEE;
			minimizedProjectReferenceProxies = 1;
			preferredProjectObjectVersion = 77;
			productRefGroup = 8A0AF0AB2D0B6AA100FD0FEE /* Products */;
			projectDirPath = "";
			projectRoot = "";
			targets = (
				8A0AF0A92D0B6AA100FD0FEE /* EightDays */,
				8A0AF0B92D0B6AA300FD0FEE /* EightDaysTests */,
				8A0AF0C32D0B6AA300FD0FEE /* EightDaysUITests */,
			);
		};
/* End PBXProject section */

/* Begin PBXResourcesBuildPhase section */
		8A0AF0A82D0B6AA100FD0FEE /* Resources */ = {
			isa = PBXResourcesBuildPhase;
			buildActionMask = 2147483647;
			files = (
			);
			runOnlyForDeploymentPostprocessing = 0;
		};
		8A0AF0B82D0B6AA300FD0FEE /* Resources */ = {
			isa = PBXResourcesBuildPhase;
			buildActionMask = 2147483647;
			files = (
			);
			runOnlyForDeploymentPostprocessing = 0;
		};
		8A0AF0C22D0B6AA300FD0FEE /* Resources */ = {
			isa = PBXResourcesBuildPhase;
			buildActionMask = 2147483647;
			files = (
			);
			runOnlyForDeploymentPostprocessing = 0;
		};
/* End PBXResourcesBuildPhase section */

/* Begin PBXSourcesBuildPhase section */
		8A0AF0A62D0B6AA100FD0FEE /* Sources */ = {
			isa = PBXSourcesBuildPhase;
			buildActionMask = 2147483647;
			files = (
			);
			runOnlyForDeploymentPostprocessing = 0;
		};
		8A0AF0B62D0B6AA300FD0FEE /* Sources */ = {
			isa = PBXSourcesBuildPhase;
			buildActionMask = 2147483647;
			files = (
			);
			runOnlyForDeploymentPostprocessing = 0;
		};
		8A0AF0C02D0B6AA300FD0FEE /* Sources */ = {
			isa = PBXSourcesBuildPhase;
			buildActionMask = 2147483647;
			files = (
			);
			runOnlyForDeploymentPostprocessing = 0;
		};
/* End PBXSourcesBuildPhase section */

/* Begin PBXTargetDependency section */
		8A0AF0BC2D0B6AA300FD0FEE /* PBXTargetDependency */ = {
			isa = PBXTargetDependency;
			target = 8A0AF0A92D0B6AA100FD0FEE /* EightDays */;
			targetProxy = 8A0AF0BB2D0B6AA300FD0FEE /* PBXContainerItemProxy */;
		};
		8A0AF0C62D0B6AA300FD0FEE /* PBXTargetDependency */ = {
			isa = PBXTargetDependency;
			target = 8A0AF0A92D0B6AA100FD0FEE /* EightDays */;
			targetProxy = 8A0AF0C52D0B6AA300FD0FEE /* PBXContainerItemProxy */;
		};
/* End PBXTargetDependency section */

/* Begin XCBuildConfiguration section */
		8A0AF0CC2D0B6AA300FD0FEE /* Debug */ = {
			isa = XCBuildConfiguration;
			buildSettings = {
				ALWAYS_SEARCH_USER_PATHS = NO;
				ASSETCATALOG_COMPILER_GENERATE_SWIFT_ASSET_SYMBOL_EXTENSIONS = YES;
				CLANG_ANALYZER_NONNULL = YES;
				CLANG_ANALYZER_NUMBER_OBJECT_CONVERSION = YES_AGGRESSIVE;
				CLANG_CXX_LANGUAGE_STANDARD = "gnu++20";
				CLANG_ENABLE_MODULES = YES;
				CLANG_ENABLE_OBJC_ARC = YES;
				CLANG_ENABLE_OBJC_WEAK = YES;
				CLANG_WARN_BLOCK_CAPTURE_AUTORELEASING = YES;
				CLANG_WARN_BOOL_CONVERSION = YES;
				CLANG_WARN_COMMA = YES;
				CLANG_WARN_CONSTANT_CONVERSION = YES;
				CLANG_WARN_DEPRECATED_OBJC_IMPLEMENTATIONS = YES;
				CLANG_WARN_DIRECT_OBJC_ISA_USAGE = YES_ERROR;
				CLANG_WARN_DOCUMENTATION_COMMENTS = YES;
				CLANG_WARN_EMPTY_BODY = YES;
				CLANG_WARN_ENUM_CONVERSION = YES;
				CLANG_WARN_INFINITE_RECURSION = YES;
				CLANG_WARN_INT_CONVERSION = YES;
				CLANG_WARN_NON_LITERAL_NULL_CONVERSION = YES;
				CLANG_WARN_OBJC_IMPLICIT_RETAIN_SELF = YES;
				CLANG_WARN_OBJC_LITERAL_CONVERSION = YES;
				CLANG_WARN_OBJC_ROOT_CLASS = YES_ERROR;
				CLANG_WARN_QUOTED_INCLUDE_IN_FRAMEWORK_HEADER = YES;
				CLANG_WARN_RANGE_LOOP_ANALYSIS = YES;
				CLANG_WARN_STRICT_PROTOTYPES = YES;
				CLANG_WARN_SUSPICIOUS_MOVE = YES;
				CLANG_WARN_UNGUARDED_AVAILABILITY = YES_AGGRESSIVE;
				CLANG_WARN_UNREACHABLE_CODE = YES;
				CLANG_WARN__DUPLICATE_METHOD_MATCH = YES;
				COPY_PHASE_STRIP = NO;
				DEBUG_INFORMATION_FORMAT = dwarf;
				ENABLE_STRICT_OBJC_MSGSEND = YES;
				ENABLE_TESTABILITY = YES;
				ENABLE_USER_SCRIPT_SANDBOXING = YES;
				GCC_C_LANGUAGE_STANDARD = gnu17;
				GCC_DYNAMIC_NO_PIC = NO;
				GCC_NO_COMMON_BLOCKS = YES;
				GCC_OPTIMIZATION_LEVEL = 0;
				GCC_PREPROCESSOR_DEFINITIONS = (
					"DEBUG=1",
					"$(inherited)",
				);
				GCC_WARN_64_TO_32_BIT_CONVERSION = YES;
				GCC_WARN_ABOUT_RETURN_TYPE = YES_ERROR;
				GCC_WARN_UNDECLARED_SELECTOR = YES;
				GCC_WARN_UNINITIALIZED_AUTOS = YES_AGGRESSIVE;
				GCC_WARN_UNUSED_FUNCTION = YES;
				GCC_WARN_UNUSED_VARIABLE = YES;
				IPHONEOS_DEPLOYMENT_TARGET = 18.1;
				LOCALIZATION_PREFERS_STRING_CATALOGS = YES;
				MTL_ENABLE_DEBUG_INFO = INCLUDE_SOURCE;
				MTL_FAST_MATH = YES;
				ONLY_ACTIVE_ARCH = YES;
				SDKROOT = iphoneos;
				SWIFT_ACTIVE_COMPILATION_CONDITIONS = "DEBUG $(inherited)";
				SWIFT_OPTIMIZATION_LEVEL = "-Onone";
			};
			name = Debug;
		};
		8A0AF0CD2D0B6AA300FD0FEE /* Release */ = {
			isa = XCBuildConfiguration;
			buildSettings = {
				ALWAYS_SEARCH_USER_PATHS = NO;
				ASSETCATALOG_COMPILER_GENERATE_SWIFT_ASSET_SYMBOL_EXTENSIONS = YES;
				CLANG_ANALYZER_NONNULL = YES;
				CLANG_ANALYZER_NUMBER_OBJECT_CONVERSION = YES_AGGRESSIVE;
				CLANG_CXX_LANGUAGE_STANDARD = "gnu++20";
				CLANG_ENABLE_MODULES = YES;
				CLANG_ENABLE_OBJC_ARC = YES;
				CLANG_ENABLE_OBJC_WEAK = YES;
				CLANG_WARN_BLOCK_CAPTURE_AUTORELEASING = YES;
				CLANG_WARN_BOOL_CONVERSION = YES;
				CLANG_WARN_COMMA = YES;
				CLANG_WARN_CONSTANT_CONVERSION = YES;
				CLANG_WARN_DEPRECATED_OBJC_IMPLEMENTATIONS = YES;
				CLANG_WARN_DIRECT_OBJC_ISA_USAGE = YES_ERROR;
				CLANG_WARN_DOCUMENTATION_COMMENTS = YES;
				CLANG_WARN_EMPTY_BODY = YES;
				CLANG_WARN_ENUM_CONVERSION = YES;
				CLANG_WARN_INFINITE_RECURSION = YES;
				CLANG_WARN_INT_CONVERSION = YES;
				CLANG_WARN_NON_LITERAL_NULL_CONVERSION = YES;
				CLANG_WARN_OBJC_IMPLICIT_RETAIN_SELF = YES;
				CLANG_WARN_OBJC_LITERAL_CONVERSION = YES;
				CLANG_WARN_OBJC_ROOT_CLASS = YES_ERROR;
				CLANG_WARN_QUOTED_INCLUDE_IN_FRAMEWORK_HEADER = YES;
				CLANG_WARN_RANGE_LOOP_ANALYSIS = YES;
				CLANG_WARN_STRICT_PROTOTYPES = YES;
				CLANG_WARN_SUSPICIOUS_MOVE = YES;
				CLANG_WARN_UNGUARDED_AVAILABILITY = YES_AGGRESSIVE;
				CLANG_WARN_UNREACHABLE_CODE = YES;
				CLANG_WARN__DUPLICATE_METHOD_MATCH = YES;
				COPY_PHASE_STRIP = NO;
				DEBUG_INFORMATION_FORMAT = "dwarf-with-dsym";
				ENABLE_NS_ASSERTIONS = NO;
				ENABLE_STRICT_OBJC_MSGSEND = YES;
				ENABLE_USER_SCRIPT_SANDBOXING = YES;
				GCC_C_LANGUAGE_STANDARD = gnu17;
				GCC_NO_COMMON_BLOCKS = YES;
				GCC_WARN_64_TO_32_BIT_CONVERSION = YES;
				GCC_WARN_ABOUT_RETURN_TYPE = YES_ERROR;
				GCC_WARN_UNDECLARED_SELECTOR = YES;
				GCC_WARN_UNINITIALIZED_AUTOS = YES_AGGRESSIVE;
				GCC_WARN_UNUSED_FUNCTION = YES;
				GCC_WARN_UNUSED_VARIABLE = YES;
				IPHONEOS_DEPLOYMENT_TARGET = 18.1;
				LOCALIZATION_PREFERS_STRING_CATALOGS = YES;
				MTL_ENABLE_DEBUG_INFO = NO;
				MTL_FAST_MATH = YES;
				SDKROOT = iphoneos;
				SWIFT_COMPILATION_MODE = wholemodule;
				VALIDATE_PRODUCT = YES;
			};
			name = Release;
		};
		8A0AF0CF2D0B6AA300FD0FEE /* Debug */ = {
			isa = XCBuildConfiguration;
			buildSettings = {
				ASSETCATALOG_COMPILER_APPICON_NAME = AppIcon;
				ASSETCATALOG_COMPILER_GLOBAL_ACCENT_COLOR_NAME = AccentColor;
				CODE_SIGN_STYLE = Automatic;
				CURRENT_PROJECT_VERSION = 1;
				DEVELOPMENT_ASSET_PATHS = "\"EightDays/Preview Content\"";
				DEVELOPMENT_TEAM = JKNGQTRBWJ;
				ENABLE_PREVIEWS = YES;
				GENERATE_INFOPLIST_FILE = YES;
				INFOPLIST_KEY_UIApplicationSceneManifest_Generation = YES;
				INFOPLIST_KEY_UIApplicationSupportsIndirectInputEvents = YES;
				INFOPLIST_KEY_UILaunchScreen_Generation = YES;
				INFOPLIST_KEY_UISupportedInterfaceOrientations_iPad = "UIInterfaceOrientationPortrait UIInterfaceOrientationPortraitUpsideDown UIInterfaceOrientationLandscapeLeft UIInterfaceOrientationLandscapeRight";
				INFOPLIST_KEY_UISupportedInterfaceOrientations_iPhone = "UIInterfaceOrientationPortrait UIInterfaceOrientationLandscapeLeft UIInterfaceOrientationLandscapeRight";
				LD_RUNPATH_SEARCH_PATHS = (
					"$(inherited)",
					"@executable_path/Frameworks",
				);
				MARKETING_VERSION = 1.0;
				PRODUCT_BUNDLE_IDENTIFIER = Fifty8Labs.EightDays;
				PRODUCT_NAME = "$(TARGET_NAME)";
				SWIFT_EMIT_LOC_STRINGS = YES;
				SWIFT_VERSION = 5.0;
				TARGETED_DEVICE_FAMILY = "1,2";
			};
			name = Debug;
		};
		8A0AF0D02D0B6AA300FD0FEE /* Release */ = {
			isa = XCBuildConfiguration;
			buildSettings = {
				ASSETCATALOG_COMPILER_APPICON_NAME = AppIcon;
				ASSETCATALOG_COMPILER_GLOBAL_ACCENT_COLOR_NAME = AccentColor;
				CODE_SIGN_STYLE = Automatic;
				CURRENT_PROJECT_VERSION = 1;
				DEVELOPMENT_ASSET_PATHS = "\"EightDays/Preview Content\"";
				DEVELOPMENT_TEAM = JKNGQTRBWJ;
				ENABLE_PREVIEWS = YES;
				GENERATE_INFOPLIST_FILE = YES;
				INFOPLIST_KEY_UIApplicationSceneManifest_Generation = YES;
				INFOPLIST_KEY_UIApplicationSupportsIndirectInputEvents = YES;
				INFOPLIST_KEY_UILaunchScreen_Generation = YES;
				INFOPLIST_KEY_UISupportedInterfaceOrientations_iPad = "UIInterfaceOrientationPortrait UIInterfaceOrientationPortraitUpsideDown UIInterfaceOrientationLandscapeLeft UIInterfaceOrientationLandscapeRight";
				INFOPLIST_KEY_UISupportedInterfaceOrientations_iPhone = "UIInterfaceOrientationPortrait UIInterfaceOrientationLandscapeLeft UIInterfaceOrientationLandscapeRight";
				LD_RUNPATH_SEARCH_PATHS = (
					"$(inherited)",
					"@executable_path/Frameworks",
				);
				MARKETING_VERSION = 1.0;
				PRODUCT_BUNDLE_IDENTIFIER = Fifty8Labs.EightDays;
				PRODUCT_NAME = "$(TARGET_NAME)";
				SWIFT_EMIT_LOC_STRINGS = YES;
				SWIFT_VERSION = 5.0;
				TARGETED_DEVICE_FAMILY = "1,2";
			};
			name = Release;
		};
		8A0AF0D22D0B6AA300FD0FEE /* Debug */ = {
			isa = XCBuildConfiguration;
			buildSettings = {
				BUNDLE_LOADER = "$(TEST_HOST)";
				CODE_SIGN_STYLE = Automatic;
				CURRENT_PROJECT_VERSION = 1;
				DEVELOPMENT_TEAM = JKNGQTRBWJ;
				GENERATE_INFOPLIST_FILE = YES;
				IPHONEOS_DEPLOYMENT_TARGET = 18.1;
				MARKETING_VERSION = 1.0;
				PRODUCT_BUNDLE_IDENTIFIER = Fifty8Labs.EightDaysTests;
				PRODUCT_NAME = "$(TARGET_NAME)";
				SWIFT_EMIT_LOC_STRINGS = NO;
				SWIFT_VERSION = 5.0;
				TARGETED_DEVICE_FAMILY = "1,2";
				TEST_HOST = "$(BUILT_PRODUCTS_DIR)/EightDays.app/$(BUNDLE_EXECUTABLE_FOLDER_PATH)/EightDays";
			};
			name = Debug;
		};
		8A0AF0D32D0B6AA300FD0FEE /* Release */ = {
			isa = XCBuildConfiguration;
			buildSettings = {
				BUNDLE_LOADER = "$(TEST_HOST)";
				CODE_SIGN_STYLE = Automatic;
				CURRENT_PROJECT_VERSION = 1;
				DEVELOPMENT_TEAM = JKNGQTRBWJ;
				GENERATE_INFOPLIST_FILE = YES;
				IPHONEOS_DEPLOYMENT_TARGET = 18.1;
				MARKETING_VERSION = 1.0;
				PRODUCT_BUNDLE_IDENTIFIER = Fifty8Labs.EightDaysTests;
				PRODUCT_NAME = "$(TARGET_NAME)";
				SWIFT_EMIT_LOC_STRINGS = NO;
				SWIFT_VERSION = 5.0;
				TARGETED_DEVICE_FAMILY = "1,2";
				TEST_HOST = "$(BUILT_PRODUCTS_DIR)/EightDays.app/$(BUNDLE_EXECUTABLE_FOLDER_PATH)/EightDays";
			};
			name = Release;
		};
		8A0AF0D52D0B6AA300FD0FEE /* Debug */ = {
			isa = XCBuildConfiguration;
			buildSettings = {
				CODE_SIGN_STYLE = Automatic;
				CURRENT_PROJECT_VERSION = 1;
				DEVELOPMENT_TEAM = JKNGQTRBWJ;
				GENERATE_INFOPLIST_FILE = YES;
				MARKETING_VERSION = 1.0;
				PRODUCT_BUNDLE_IDENTIFIER = Fifty8Labs.EightDaysUITests;
				PRODUCT_NAME = "$(TARGET_NAME)";
				SWIFT_EMIT_LOC_STRINGS = NO;
				SWIFT_VERSION = 5.0;
				TARGETED_DEVICE_FAMILY = "1,2";
				TEST_TARGET_NAME = EightDays;
			};
			name = Debug;
		};
		8A0AF0D62D0B6AA300FD0FEE /* Release */ = {
			isa = XCBuildConfiguration;
			buildSettings = {
				CODE_SIGN_STYLE = Automatic;
				CURRENT_PROJECT_VERSION = 1;
				DEVELOPMENT_TEAM = JKNGQTRBWJ;
				GENERATE_INFOPLIST_FILE = YES;
				MARKETING_VERSION = 1.0;
				PRODUCT_BUNDLE_IDENTIFIER = Fifty8Labs.EightDaysUITests;
				PRODUCT_NAME = "$(TARGET_NAME)";
				SWIFT_EMIT_LOC_STRINGS = NO;
				SWIFT_VERSION = 5.0;
				TARGETED_DEVICE_FAMILY = "1,2";
				TEST_TARGET_NAME = EightDays;
			};
			name = Release;
		};
/* End XCBuildConfiguration section */

/* Begin XCConfigurationList section */
		8A0AF0A52D0B6AA100FD0FEE /* Build configuration list for PBXProject "EightDays" */ = {
			isa = XCConfigurationList;
			buildConfigurations = (
				8A0AF0CC2D0B6AA300FD0FEE /* Debug */,
				8A0AF0CD2D0B6AA300FD0FEE /* Release */,
			);
			defaultConfigurationIsVisible = 0;
			defaultConfigurationName = Release;
		};
		8A0AF0CE2D0B6AA300FD0FEE /* Build configuration list for PBXNativeTarget "EightDays" */ = {
			isa = XCConfigurationList;
			buildConfigurations = (
				8A0AF0CF2D0B6AA300FD0FEE /* Debug */,
				8A0AF0D02D0B6AA300FD0FEE /* Release */,
			);
			defaultConfigurationIsVisible = 0;
			defaultConfigurationName = Release;
		};
		8A0AF0D12D0B6AA300FD0FEE /* Build configuration list for PBXNativeTarget "EightDaysTests" */ = {
			isa = XCConfigurationList;
			buildConfigurations = (
				8A0AF0D22D0B6AA300FD0FEE /* Debug */,
				8A0AF0D32D0B6AA300FD0FEE /* Release */,
			);
			defaultConfigurationIsVisible = 0;
			defaultConfigurationName = Release;
		};
		8A0AF0D42D0B6AA300FD0FEE /* Build configuration list for PBXNativeTarget "EightDaysUITests" */ = {
			isa = XCConfigurationList;
			buildConfigurations = (
				8A0AF0D52D0B6AA300FD0FEE /* Debug */,
				8A0AF0D62D0B6AA300FD0FEE /* Release */,
			);
			defaultConfigurationIsVisible = 0;
			defaultConfigurationName = Release;
		};
/* End XCConfigurationList section */
	};
	rootObject = 8A0AF0A22D0B6AA100FD0FEE /* Project object */;
}
